lockfileVersion: 5.4

specifiers:
  '@akrc/nashi': ^0.2.1
  '@akrc/ringo': ^1.0.0
  motion: ^10.14.3
  twind: ^0.16.17
  typescript: ^4.8.4
  vite: ^4.0.0

dependencies:
  '@akrc/nashi': 0.2.1
  '@akrc/ringo': 1.0.2
  motion: 10.14.3
  twind: 0.16.17_typescript@4.8.4

devDependencies:
  typescript: 4.8.4
  vite: 4.0.0

packages:

  /@akrc/nashi/0.2.1:
    resolution: {integrity: sha512-Yj1j2vBakFHVGCnPwZuqdPBfTbjkjl7v2jxlC/fjNtRLgxUJZPFrJJCuJoPhCQ4D40DkYUdRlzrWeyP6CM8iDQ==}
    dev: false

  /@akrc/ringo/1.0.2:
    resolution: {integrity: sha512-loIzYSLQLqoC+Ut+X9Gy4afOYsBzBflbZK+YI7PajKu+TZ0onVo0XS0RibVJPkEKDUV0ebZuwGgdl1t0PIRK6A==}
    dev: false

  /@esbuild/android-arm/0.16.3:
    resolution: {integrity: sha512-mueuEoh+s1eRbSJqq9KNBQwI4QhQV6sRXIfTyLXSHGMpyew61rOK4qY21uKbXl1iBoMb0AdL1deWFCQVlN2qHA==}
    engines: {node: '>=12'}
    cpu: [arm]
    os: [android]
    requiresBuild: true
    dev: true
    optional: true

  /@esbuild/android-arm64/0.16.3:
    resolution: {integrity: sha512-RolFVeinkeraDvN/OoRf1F/lP0KUfGNb5jxy/vkIMeRRChkrX/HTYN6TYZosRJs3a1+8wqpxAo5PI5hFmxyPRg==}
    engines: {node: '>=12'}
    cpu: [arm64]
    os: [android]
    requiresBuild: true
    dev: true
    optional: true

  /@esbuild/android-x64/0.16.3:
    resolution: {integrity: sha512-SFpTUcIT1bIJuCCBMCQWq1bL2gPTjWoLZdjmIhjdcQHaUfV41OQfho6Ici5uvvkMmZRXIUGpM3GxysP/EU7ifQ==}
    engines: {node: '>=12'}
    cpu: [x64]
    os: [android]
    requiresBuild: true
    dev: true
    optional: true

  /@esbuild/darwin-arm64/0.16.3:
    resolution: {integrity: sha512-DO8WykMyB+N9mIDfI/Hug70Dk1KipavlGAecxS3jDUwAbTpDXj0Lcwzw9svkhxfpCagDmpaTMgxWK8/C/XcXvw==}
    engines: {node: '>=12'}
    cpu: [arm64]
    os: [darwin]
    requiresBuild: true
    dev: true
    optional: true

  /@esbuild/darwin-x64/0.16.3:
    resolution: {integrity: sha512-uEqZQ2omc6BvWqdCiyZ5+XmxuHEi1SPzpVxXCSSV2+Sh7sbXbpeNhHIeFrIpRjAs0lI1FmA1iIOxFozKBhKgRQ==}
    engines: {node: '>=12'}
    cpu: [x64]
    os: [darwin]
    requiresBuild: true
    dev: true
    optional: true

  /@esbuild/freebsd-arm64/0.16.3:
    resolution: {integrity: sha512-nJansp3sSXakNkOD5i5mIz2Is/HjzIhFs49b1tjrPrpCmwgBmH9SSzhC/Z1UqlkivqMYkhfPwMw1dGFUuwmXhw==}
    engines: {node: '>=12'}
    cpu: [arm64]
    os: [freebsd]
    requiresBuild: true
    dev: true
    optional: true

  /@esbuild/freebsd-x64/0.16.3:
    resolution: {integrity: sha512-TfoDzLw+QHfc4a8aKtGSQ96Wa+6eimljjkq9HKR0rHlU83vw8aldMOUSJTUDxbcUdcgnJzPaX8/vGWm7vyV7ug==}
    engines: {node: '>=12'}
    cpu: [x64]
    os: [freebsd]
    requiresBuild: true
    dev: true
    optional: true

  /@esbuild/linux-arm/0.16.3:
    resolution: {integrity: sha512-VwswmSYwVAAq6LysV59Fyqk3UIjbhuc6wb3vEcJ7HEJUtFuLK9uXWuFoH1lulEbE4+5GjtHi3MHX+w1gNHdOWQ==}
    engines: {node: '>=12'}
    cpu: [arm]
    os: [linux]
    requiresBuild: true
    dev: true
    optional: true

  /@esbuild/linux-arm64/0.16.3:
    resolution: {integrity: sha512-7I3RlsnxEFCHVZNBLb2w7unamgZ5sVwO0/ikE2GaYvYuUQs9Qte/w7TqWcXHtCwxvZx/2+F97ndiUQAWs47ZfQ==}
    engines: {node: '>=12'}
    cpu: [arm64]
    os: [linux]
    requiresBuild: true
    dev: true
    optional: true

  /@esbuild/linux-ia32/0.16.3:
    resolution: {integrity: sha512-X8FDDxM9cqda2rJE+iblQhIMYY49LfvW4kaEjoFbTTQ4Go8G96Smj2w3BRTwA8IHGoi9dPOPGAX63dhuv19UqA==}
    engines: {node: '>=12'}
    cpu: [ia32]
    os: [linux]
    requiresBuild: true
    dev: true
    optional: true

  /@esbuild/linux-loong64/0.16.3:
    resolution: {integrity: sha512-hIbeejCOyO0X9ujfIIOKjBjNAs9XD/YdJ9JXAy1lHA+8UXuOqbFe4ErMCqMr8dhlMGBuvcQYGF7+kO7waj2KHw==}
    engines: {node: '>=12'}
    cpu: [loong64]
    os: [linux]
    requiresBuild: true
    dev: true
    optional: true

  /@esbuild/linux-mips64el/0.16.3:
    resolution: {integrity: sha512-znFRzICT/V8VZQMt6rjb21MtAVJv/3dmKRMlohlShrbVXdBuOdDrGb+C2cZGQAR8RFyRe7HS6klmHq103WpmVw==}
    engines: {node: '>=12'}
    cpu: [mips64el]
    os: [linux]
    requiresBuild: true
    dev: true
    optional: true

  /@esbuild/linux-ppc64/0.16.3:
    resolution: {integrity: sha512-EV7LuEybxhXrVTDpbqWF2yehYRNz5e5p+u3oQUS2+ZFpknyi1NXxr8URk4ykR8Efm7iu04//4sBg249yNOwy5Q==}
    engines: {node: '>=12'}
    cpu: [ppc64]
    os: [linux]
    requiresBuild: true
    dev: true
    optional: true

  /@esbuild/linux-riscv64/0.16.3:
    resolution: {integrity: sha512-uDxqFOcLzFIJ+r/pkTTSE9lsCEaV/Y6rMlQjUI9BkzASEChYL/aSQjZjchtEmdnVxDKETnUAmsaZ4pqK1eE5BQ==}
    engines: {node: '>=12'}
    cpu: [riscv64]
    os: [linux]
    requiresBuild: true
    dev: true
    optional: true

  /@esbuild/linux-s390x/0.16.3:
    resolution: {integrity: sha512-NbeREhzSxYwFhnCAQOQZmajsPYtX71Ufej3IQ8W2Gxskfz9DK58ENEju4SbpIj48VenktRASC52N5Fhyf/aliQ==}
    engines: {node: '>=12'}
    cpu: [s390x]
    os: [linux]
    requiresBuild: true
    dev: true
    optional: true

  /@esbuild/linux-x64/0.16.3:
    resolution: {integrity: sha512-SDiG0nCixYO9JgpehoKgScwic7vXXndfasjnD5DLbp1xltANzqZ425l7LSdHynt19UWOcDjG9wJJzSElsPvk0w==}
    engines: {node: '>=12'}
    cpu: [x64]
    os: [linux]
    requiresBuild: true
    dev: true
    optional: true

  /@esbuild/netbsd-x64/0.16.3:
    resolution: {integrity: sha512-AzbsJqiHEq1I/tUvOfAzCY15h4/7Ivp3ff/o1GpP16n48JMNAtbW0qui2WCgoIZArEHD0SUQ95gvR0oSO7ZbdA==}
    engines: {node: '>=12'}
    cpu: [x64]
    os: [netbsd]
    requiresBuild: true
    dev: true
    optional: true

  /@esbuild/openbsd-x64/0.16.3:
    resolution: {integrity: sha512-gSABi8qHl8k3Cbi/4toAzHiykuBuWLZs43JomTcXkjMZVkp0gj3gg9mO+9HJW/8GB5H89RX/V0QP4JGL7YEEVg==}
    engines: {node: '>=12'}
    cpu: [x64]
    os: [openbsd]
    requiresBuild: true
    dev: true
    optional: true

  /@esbuild/sunos-x64/0.16.3:
    resolution: {integrity: sha512-SF9Kch5Ete4reovvRO6yNjMxrvlfT0F0Flm+NPoUw5Z4Q3r1d23LFTgaLwm3Cp0iGbrU/MoUI+ZqwCv5XJijCw==}
    engines: {node: '>=12'}
    cpu: [x64]
    os: [sunos]
    requiresBuild: true
    dev: true
    optional: true

  /@esbuild/win32-arm64/0.16.3:
    resolution: {integrity: sha512-u5aBonZIyGopAZyOnoPAA6fGsDeHByZ9CnEzyML9NqntK6D/xl5jteZUKm/p6nD09+v3pTM6TuUIqSPcChk5gg==}
    engines: {node: '>=12'}
    cpu: [arm64]
    os: [win32]
    requiresBuild: true
    dev: true
    optional: true

  /@esbuild/win32-ia32/0.16.3:
    resolution: {integrity: sha512-GlgVq1WpvOEhNioh74TKelwla9KDuAaLZrdxuuUgsP2vayxeLgVc+rbpIv0IYF4+tlIzq2vRhofV+KGLD+37EQ==}
    engines: {node: '>=12'}
    cpu: [ia32]
    os: [win32]
    requiresBuild: true
    dev: true
    optional: true

  /@esbuild/win32-x64/0.16.3:
    resolution: {integrity: sha512-5/JuTd8OWW8UzEtyf19fbrtMJENza+C9JoPIkvItgTBQ1FO2ZLvjbPO6Xs54vk0s5JB5QsfieUEshRQfu7ZHow==}
    engines: {node: '>=12'}
    cpu: [x64]
    os: [win32]
    requiresBuild: true
    dev: true
    optional: true

  /@motionone/animation/10.14.0:
    resolution: {integrity: sha512-h+1sdyBP8vbxEBW5gPFDnj+m2DCqdlAuf2g6Iafb1lcMnqjsRXWlPw1AXgvUMXmreyhqmPbJqoNfIKdytampRQ==}
    dependencies:
      '@motionone/easing': 10.14.0
      '@motionone/types': 10.14.0
      '@motionone/utils': 10.14.0
      tslib: 2.4.1
    dev: false

  /@motionone/dom/10.14.3:
    resolution: {integrity: sha512-tese0zSBsWwxCcs9qGNyynhnQ3/n43F6XI588AUKBIfE9D5ZelzQXOzr/T0+ErsVppXJtyGHviYEnv7KHc9x7Q==}
    dependencies:
      '@motionone/animation': 10.14.0
      '@motionone/generators': 10.14.0
      '@motionone/types': 10.14.0
      '@motionone/utils': 10.14.0
      hey-listen: 1.0.8
      tslib: 2.4.1
    dev: false

  /@motionone/easing/10.14.0:
    resolution: {integrity: sha512-2vUBdH9uWTlRbuErhcsMmt1jvMTTqvGmn9fHq8FleFDXBlHFs5jZzHJT9iw+4kR1h6a4SZQuCf72b9ji92qNYA==}
    dependencies:
      '@motionone/utils': 10.14.0
      tslib: 2.4.1
    dev: false

  /@motionone/generators/10.14.0:
    resolution: {integrity: sha512-6kRHezoFfIjFN7pPpaxmkdZXD36tQNcyJe3nwVqwJ+ZfC0e3rFmszR8kp9DEVFs9QL/akWjuGPSLBI1tvz+Vjg==}
    dependencies:
      '@motionone/types': 10.14.0
      '@motionone/utils': 10.14.0
      tslib: 2.4.1
    dev: false

  /@motionone/svelte/10.14.3:
    resolution: {integrity: sha512-fHyyyGJRkHsfE2IAg+6YU0BiMT/Jz5OAMpJvBZs3oGfwsgdqSms4YtLW22Ecs87e59hPZ26SqWCHad6enRfD9A==}
    dependencies:
      '@motionone/dom': 10.14.3
      tslib: 2.4.1
    dev: false

  /@motionone/types/10.14.0:
    resolution: {integrity: sha512-3bNWyYBHtVd27KncnJLhksMFQ5o2MSdk1cA/IZqsHtA9DnRM1SYgN01CTcJ8Iw8pCXF5Ocp34tyAjY7WRpOJJQ==}
    dev: false

  /@motionone/utils/10.14.0:
    resolution: {integrity: sha512-sLWBLPzRqkxmOTRzSaD3LFQXCPHvDzyHJ1a3VP9PRzBxyVd2pv51/gMOsdAcxQ9n+MIeGJnxzXBYplUHKj4jkw==}
    dependencies:
      '@motionone/types': 10.14.0
      hey-listen: 1.0.8
      tslib: 2.4.1
    dev: false

  /@motionone/vue/10.14.3:
    resolution: {integrity: sha512-FZ/vefJMDthnzlVQbL2I54WEvDyx720KClxWqmHZZ+wKic+i9XhNCU1qijGcvA3/1sFFp8u9fOqmejEWXSsHmw==}
    dependencies:
      '@motionone/dom': 10.14.3
      tslib: 2.4.1
    dev: false

  /csstype/3.1.1:
    resolution: {integrity: sha512-DJR/VvkAvSZW9bTouZue2sSxDwdTN92uHjqeKVm+0dAqdfNykRzQ95tay8aXMBAAPpUiq4Qcug2L7neoRh2Egw==}
    dev: false

  /dom-serializer/1.4.1:
    resolution: {integrity: sha512-VHwB3KfrcOOkelEG2ZOfxqLZdfkil8PtJi4P8N2MMXucZq2yLp75ClViUlOVwyoHEDjYU433Aq+5zWP61+RGag==}
    dependencies:
      domelementtype: 2.3.0
      domhandler: 4.3.1
      entities: 2.2.0
    dev: false

  /domelementtype/2.3.0:
    resolution: {integrity: sha512-OLETBj6w0OsagBwdXnPdN0cnMfF9opN69co+7ZrbfPGrdpPVNBUj02spi6B1N7wChLQiPn4CSH/zJvXw56gmHw==}
    dev: false

  /domhandler/4.3.1:
    resolution: {integrity: sha512-GrwoxYN+uWlzO8uhUXRl0P+kHE4GtVPfYzVLcUxPL7KNdHKj66vvlhiweIHqYYXWlw+T8iLMp42Lm67ghw4WMQ==}
    engines: {node: '>= 4'}
    dependencies:
      domelementtype: 2.3.0
    dev: false

  /domutils/2.8.0:
    resolution: {integrity: sha512-w96Cjofp72M5IIhpjgobBimYEfoPjx1Vx0BSX9P30WBdZW2WIKU0T1Bd0kz2eNZ9ikjKgHbEyKx8BB6H1L3h3A==}
    dependencies:
      dom-serializer: 1.4.1
      domelementtype: 2.3.0
      domhandler: 4.3.1
    dev: false

  /entities/2.2.0:
    resolution: {integrity: sha512-p92if5Nz619I0w+akJrLZH0MX0Pb5DX39XOwQTtXSdQQOaYH03S1uIQp4mhOZtAXrxq4ViO67YTiLBo2638o9A==}
    dev: false

  /esbuild/0.16.3:
    resolution: {integrity: sha512-71f7EjPWTiSguen8X/kxEpkAS7BFHwtQKisCDDV3Y4GLGWBaoSCyD5uXkaUew6JDzA9FEN1W23mdnSwW9kqCeg==}
    engines: {node: '>=12'}
    hasBin: true
    requiresBuild: true
    optionalDependencies:
      '@esbuild/android-arm': 0.16.3
      '@esbuild/android-arm64': 0.16.3
      '@esbuild/android-x64': 0.16.3
      '@esbuild/darwin-arm64': 0.16.3
      '@esbuild/darwin-x64': 0.16.3
      '@esbuild/freebsd-arm64': 0.16.3
      '@esbuild/freebsd-x64': 0.16.3
      '@esbuild/linux-arm': 0.16.3
      '@esbuild/linux-arm64': 0.16.3
      '@esbuild/linux-ia32': 0.16.3
      '@esbuild/linux-loong64': 0.16.3
      '@esbuild/linux-mips64el': 0.16.3
      '@esbuild/linux-ppc64': 0.16.3
      '@esbuild/linux-riscv64': 0.16.3
      '@esbuild/linux-s390x': 0.16.3
      '@esbuild/linux-x64': 0.16.3
      '@esbuild/netbsd-x64': 0.16.3
      '@esbuild/openbsd-x64': 0.16.3
      '@esbuild/sunos-x64': 0.16.3
      '@esbuild/win32-arm64': 0.16.3
      '@esbuild/win32-ia32': 0.16.3
      '@esbuild/win32-x64': 0.16.3
    dev: true

  /fsevents/2.3.2:
    resolution: {integrity: sha512-xiqMQR4xAeHTuB9uWm+fFRcIOgKBMiOBP+eXiyT7jsgVCq1bkVygt00oASowB7EdtpOHaaPgKt812P9ab+DDKA==}
    engines: {node: ^8.16.0 || ^10.6.0 || >=11.0.0}
    os: [darwin]
    requiresBuild: true
    dev: true
    optional: true

  /function-bind/1.1.1:
    resolution: {integrity: sha512-yIovAzMX49sF8Yl58fSCWJ5svSLuaibPxXQJFLmBObTuCr0Mf1KiPopGM9NiFjiYBCbfaa2Fh6breQ6ANVTI0A==}
    dev: true

  /has/1.0.3:
    resolution: {integrity: sha512-f2dvO0VU6Oej7RkWJGrehjbzMAjFp5/VKPp5tTpWIV4JHHZK1/BxbFRtf/siA2SWTe09caDmVtYYzWEIbBS4zw==}
    engines: {node: '>= 0.4.0'}
    dependencies:
      function-bind: 1.1.1
    dev: true

  /hey-listen/1.0.8:
    resolution: {integrity: sha512-COpmrF2NOg4TBWUJ5UVyaCU2A88wEMkUPK4hNqyCkqHbxT92BbvfjoSozkAIIm6XhicGlJHhFdullInrdhwU8Q==}
    dev: false

  /htmlparser2/6.1.0:
    resolution: {integrity: sha512-gyyPk6rgonLFEDGoeRgQNaEUvdJ4ktTmmUh/h2t7s+M8oPpIPxgNACWa+6ESR57kXstwqPiCut0V8NRpcwgU7A==}
    dependencies:
      domelementtype: 2.3.0
      domhandler: 4.3.1
      domutils: 2.8.0
      entities: 2.2.0
    dev: false

  /is-core-module/2.11.0:
    resolution: {integrity: sha512-RRjxlvLDkD1YJwDbroBHMb+cukurkDWNyHx7D3oNB5x9rb5ogcksMC5wHCadcXoo67gVr/+3GFySh3134zi6rw==}
    dependencies:
      has: 1.0.3
    dev: true

  /motion/10.14.3:
    resolution: {integrity: sha512-xBbgYho8nPiR2OZOrfJTbJpiiQl0F2PZF6H5ItAeIPJEfA/x0ZwxpFC/gbsKfUv3CFUVAoxCRkTDCJjiZ48dxw==}
    dependencies:
      '@motionone/animation': 10.14.0
      '@motionone/dom': 10.14.3
      '@motionone/svelte': 10.14.3
      '@motionone/types': 10.14.0
      '@motionone/utils': 10.14.0
      '@motionone/vue': 10.14.3
    dev: false

  /nanoid/3.3.4:
    resolution: {integrity: sha512-MqBkQh/OHTS2egovRtLk45wEyNXwF+cokD+1YPf9u5VfJiRdAiRwB2froX5Co9Rh20xs4siNPm8naNotSD6RBw==}
    engines: {node: ^10 || ^12 || ^13.7 || ^14 || >=15.0.1}
    hasBin: true
    dev: true

  /path-parse/1.0.7:
    resolution: {integrity: sha512-LDJzPVEEEPR+y48z93A0Ed0yXb8pAByGWo/k5YYdYgpY2/2EsOsksJrq7lOHxryrVOn1ejG6oAp8ahvOIQD8sw==}
    dev: true

  /picocolors/1.0.0:
    resolution: {integrity: sha512-1fygroTLlHu66zi26VoTDv8yRgm0Fccecssto+MhsZ0D/DGW2sm8E8AjW7NU5VVTRt5GxbeZ5qBuJr+HyLYkjQ==}
    dev: true

  /postcss/8.4.19:
    resolution: {integrity: sha512-h+pbPsyhlYj6N2ozBmHhHrs9DzGmbaarbLvWipMRO7RLS+v4onj26MPFXA5OBYFxyqYhUJK456SwDcY9H2/zsA==}
    engines: {node: ^10 || ^12 || >=14}
    dependencies:
      nanoid: 3.3.4
      picocolors: 1.0.0
      source-map-js: 1.0.2
    dev: true

  /resolve/1.22.1:
    resolution: {integrity: sha512-nBpuuYuY5jFsli/JIs1oldw6fOQCBioohqWZg/2hiaOybXOft4lonv85uDOKXdf8rhyK159cxU5cDcK/NKk8zw==}
    hasBin: true
    dependencies:
      is-core-module: 2.11.0
      path-parse: 1.0.7
      supports-preserve-symlinks-flag: 1.0.0
    dev: true

  /rollup/3.7.0:
    resolution: {integrity: sha512-FIJe0msW9P7L9BTfvaJyvn1U1BVCNTL3w8O+PKIrCyiMLg+rIUGb4MbcgVZ10Lnm1uWXOTOWRNARjfXC1+M12Q==}
    engines: {node: '>=14.18.0', npm: '>=8.0.0'}
    hasBin: true
    optionalDependencies:
      fsevents: 2.3.2
    dev: true

  /source-map-js/1.0.2:
    resolution: {integrity: sha512-R0XvVJ9WusLiqTCEiGCmICCMplcCkIwwR11mOSD9CR5u+IXYdiseeEuXCVAjS54zqwkLcPNnmU4OeJ6tUrWhDw==}
    engines: {node: '>=0.10.0'}
    dev: true

  /style-vendorizer/2.2.3:
    resolution: {integrity: sha512-/VDRsWvQAgspVy9eATN3z6itKTuyg+jW1q6UoTCQCFRqPDw8bi3E1hXIKnGw5LvXS2AQPuJ7Af4auTLYeBOLEg==}
    dev: false

  /supports-preserve-symlinks-flag/1.0.0:
    resolution: {integrity: sha512-ot0WnXS9fgdkgIcePe6RHNk1WA8+muPa6cSjeR3V8K27q9BB1rTE3R1p7Hv0z1ZyAc8s6Vvv8DIyWf681MAt0w==}
    engines: {node: '>= 0.4'}
    dev: true

  /tslib/2.4.1:
    resolution: {integrity: sha512-tGyy4dAjRIEwI7BzsB0lynWgOpfqjUdq91XXAlIWD2OwKBH7oCl/GZG/HT4BOHrTlPMOASlMQ7veyTqpmRcrNA==}
    dev: false

  /twind/0.16.17_typescript@4.8.4:
    resolution: {integrity: sha512-dBKm8+ncJcIALiqBRLxA/krFEwUSjnzR+N73eKgqPtVPJqfLpkajWwKWL5xEpEQ5ypS3ffa0jJjH3/eIeuA3pw==}
    engines: {node: '>=10.13'}
    peerDependencies:
      typescript: ^4.1.0
    peerDependenciesMeta:
      typescript:
        optional: true
    dependencies:
      csstype: 3.1.1
      htmlparser2: 6.1.0
      style-vendorizer: 2.2.3
      typescript: 4.8.4
    dev: false

  /typescript/4.8.4:
    resolution: {integrity: sha512-QCh+85mCy+h0IGff8r5XWzOVSbBO+KfeYrMQh7NJ58QujwcE22u+NUSmUxqF+un70P9GXKxa2HCNiTTMJknyjQ==}
    engines: {node: '>=4.2.0'}
    hasBin: true

  /vite/4.0.0:
    resolution: {integrity: sha512-ynad+4kYs8Jcnn8J7SacS9vAbk7eMy0xWg6E7bAhS1s79TK+D7tVFGXVZ55S7RNLRROU1rxoKlvZ/qjaB41DGA==}
    engines: {node: ^14.18.0 || >=16.0.0}
    hasBin: true
    peerDependencies:
      '@types/node': '>= 14'
      less: '*'
      sass: '*'
      stylus: '*'
      sugarss: '*'
      terser: ^5.4.0
    peerDependenciesMeta:
      '@types/node':
        optional: true
      less:
        optional: true
      sass:
        optional: true
      stylus:
        optional: true
      sugarss:
        optional: true
      terser:
        optional: true
    dependencies:
      esbuild: 0.16.3
      postcss: 8.4.19
      resolve: 1.22.1
      rollup: 3.7.0
    optionalDependencies:
      fsevents: 2.3.2
    dev: true
